
Microsoft Visual Studio Solution File, Format Version 12.00
# Visual Studio Version 16
VisualStudioVersion = 16.0.31702.278
MinimumVisualStudioVersion = 10.0.40219.1
Project("{FAE04EC0-301F-11D3-BF4B-00C04F79EFBC}") = "NumberGuessingGame", "NumberGuessingGame\NumberGuessingGame.csproj", "{8322C360-67B1-441F-8B4C-6767155BDBEA}"
EndProject
Global
	GlobalSection(SolutionConfigurationPlatforms) = preSolution
		Debug|Any CPU = Debug|Any CPU
		Release|Any CPU = Release|Any CPU
	EndGlobalSection
	GlobalSection(ProjectConfigurationPlatforms) = postSolution
		{8322C360-67B1-441F-8B4C-6767155BDBEA}.Debug|Any CPU.ActiveCfg = Debug|Any CPU
		{8322C360-67B1-441F-8B4C-6767155BDBEA}.Debug|Any CPU.Build.0 = Debug|Any CPU
		{8322C360-67B1-441F-8B4C-6767155BDBEA}.Release|Any CPU.ActiveCfg = Release|Any CPU
		{8322C360-67B1-441F-8B4C-6767155BDBEA}.Release|Any CPU.Build.0 = Release|Any CPU
	EndGlobalSection
	GlobalSection(SolutionProperties) = preSolution
		HideSolutionNode = FALSE
	EndGlobalSection
	GlobalSection(ExtensibilityGlobals) = postSolution
		SolutionGuid = {FC21C658-CBAD-4BE1-9677-BA0E6C71F45A}
	EndGlobalSection
EndGlobal
